
Microsoft Visual Studio Solution File, Format Version 12.00
# Visual Studio Version 17
VisualStudioVersion = 17.8.34309.116
MinimumVisualStudioVersion = 10.0.40219.1
Project("{9A19103F-16F7-4668-BE54-9A1E7A4F7556}") = "BE_NET_2505", "BE_NET_2505\BE_NET_2505.csproj", "{3D5A7ACF-6B49-48ED-B19F-90B68AC162CA}"
EndProject
Project("{FAE04EC0-301F-11D3-BF4B-00C04F79EFBC}") = "WebMVC_NetFrameWork", "WebMVC_NetFrameWork\WebMVC_NetFrameWork.csproj", "{0688667F-103E-42F6-AA18-28CB68B7E231}"
EndProject
Project("{FAE04EC0-301F-11D3-BF4B-00C04F79EFBC}") = "WebMVC_Netcore", "WebMVC_Netcore\WebMVC_Netcore.csproj", "{6FFD2ACC-BE2C-4FC9-A061-02702720D42A}"
EndProject
Global
	GlobalSection(SolutionConfigurationPlatforms) = preSolution
		Debug|Any CPU = Debug|Any CPU
		Release|Any CPU = Release|Any CPU
	EndGlobalSection
	GlobalSection(ProjectConfigurationPlatforms) = postSolution
		{3D5A7ACF-6B49-48ED-B19F-90B68AC162CA}.Debug|Any CPU.ActiveCfg = Debug|Any CPU
		{3D5A7ACF-6B49-48ED-B19F-90B68AC162CA}.Debug|Any CPU.Build.0 = Debug|Any CPU
		{3D5A7ACF-6B49-48ED-B19F-90B68AC162CA}.Release|Any CPU.ActiveCfg = Release|Any CPU
		{3D5A7ACF-6B49-48ED-B19F-90B68AC162CA}.Release|Any CPU.Build.0 = Release|Any CPU
		{0688667F-103E-42F6-AA18-28CB68B7E231}.Debug|Any CPU.ActiveCfg = Debug|Any CPU
		{0688667F-103E-42F6-AA18-28CB68B7E231}.Debug|Any CPU.Build.0 = Debug|Any CPU
		{0688667F-103E-42F6-AA18-28CB68B7E231}.Release|Any CPU.ActiveCfg = Release|Any CPU
		{0688667F-103E-42F6-AA18-28CB68B7E231}.Release|Any CPU.Build.0 = Release|Any CPU
		{6FFD2ACC-BE2C-4FC9-A061-02702720D42A}.Debug|Any CPU.ActiveCfg = Debug|Any CPU
		{6FFD2ACC-BE2C-4FC9-A061-02702720D42A}.Debug|Any CPU.Build.0 = Debug|Any CPU
		{6FFD2ACC-BE2C-4FC9-A061-02702720D42A}.Release|Any CPU.ActiveCfg = Release|Any CPU
		{6FFD2ACC-BE2C-4FC9-A061-02702720D42A}.Release|Any CPU.Build.0 = Release|Any CPU
	EndGlobalSection
	GlobalSection(SolutionProperties) = preSolution
		HideSolutionNode = FALSE
	EndGlobalSection
	GlobalSection(ExtensibilityGlobals) = postSolution
		SolutionGuid = {6609CE2B-7F3A-43D5-B273-4C4E11865F1E}
	EndGlobalSection
EndGlobal
